
Microsoft Visual Studio Solution File, Format Version 11.00
# Visual Studio 2010
Project("{FAE04EC0-301F-11D3-BF4B-00C04F79EFBC}") = "AcceptNumbers", "AcceptNumbers\AcceptNumbers.csproj", "{DE4416EE-D743-49C0-95C7-B330A0A0E8BE}"
EndProject
Global
	GlobalSection(SolutionConfigurationPlatforms) = preSolution
		Debug|Any CPU = Debug|Any CPU
		Release|Any CPU = Release|Any CPU
	EndGlobalSection
	GlobalSection(ProjectConfigurationPlatforms) = postSolution
		{DE4416EE-D743-49C0-95C7-B330A0A0E8BE}.Debug|Any CPU.ActiveCfg = Debug|Any CPU
		{DE4416EE-D743-49C0-95C7-B330A0A0E8BE}.Debug|Any CPU.Build.0 = Debug|Any CPU
		{DE4416EE-D743-49C0-95C7-B330A0A0E8BE}.Release|Any CPU.ActiveCfg = Release|Any CPU
		{DE4416EE-D743-49C0-95C7-B330A0A0E8BE}.Release|Any CPU.Build.0 = Release|Any CPU
	EndGlobalSection
	GlobalSection(SolutionProperties) = preSolution
		HideSolutionNode = FALSE
	EndGlobalSection
EndGlobal
