
Microsoft Visual Studio Solution File, Format Version 11.00
# Visual Studio 2010
Project("{FAE04EC0-301F-11D3-BF4B-00C04F79EFBC}") = "Paise", "Paise\Paise.csproj", "{F23B0A96-0B23-4760-B607-CB614C016C91}"
EndProject
Global
	GlobalSection(SolutionConfigurationPlatforms) = preSolution
		Debug|Any CPU = Debug|Any CPU
		Release|Any CPU = Release|Any CPU
	EndGlobalSection
	GlobalSection(ProjectConfigurationPlatforms) = postSolution
		{F23B0A96-0B23-4760-B607-CB614C016C91}.Debug|Any CPU.ActiveCfg = Debug|Any CPU
		{F23B0A96-0B23-4760-B607-CB614C016C91}.Debug|Any CPU.Build.0 = Debug|Any CPU
		{F23B0A96-0B23-4760-B607-CB614C016C91}.Release|Any CPU.ActiveCfg = Release|Any CPU
		{F23B0A96-0B23-4760-B607-CB614C016C91}.Release|Any CPU.Build.0 = Release|Any CPU
	EndGlobalSection
	GlobalSection(SolutionProperties) = preSolution
		HideSolutionNode = FALSE
	EndGlobalSection
EndGlobal
